{
  "dependencies": {
    "form-data": {
      "version": "1.0.0-rc1",
      "dependencies": {
        "async": {
          "version": "1.2.1"
        },
        "combined-stream": {
          "version": "1.0.5",
          "dependencies": {
            "delayed-stream": {
              "version": "1.0.0"
            }
          }
        },
        "mime-types": {
          "version": "2.1.1",
          "dependencies": {
            "mime-db": {
              "version": "1.13.0"
            }
          }
        }
      }
    }
  }
}
