{
  "dependencies": {
    "config.layout": {
      "version": "0.1.2"
    },
    "config.pixel": {
      "version": "0.1.4",
      "dependencies": {
        "config.view": {
          "version": "0.1.3"
        },
        "exdat": {
          "version": "0.6.2",
          "dependencies": {
            "brfs": {
              "version": "1.4.0",
              "dependencies": {
                "quote-stream": {
                  "version": "0.0.0",
                  "dependencies": {
                    "minimist": {
                      "version": "0.0.8"
                    }
                  }
                },
                "resolve": {
                  "version": "1.1.6"
                },
                "static-module": {
                  "version": "1.1.3",
                  "dependencies": {
                    "concat-stream": {
                      "version": "1.4.10",
                      "dependencies": {
                        "inherits": {
                          "version": "2.0.1"
                        },
                        "typedarray": {
                          "version": "0.0.6"
                        },
                        "readable-stream": {
                          "version": "1.1.13",
                          "dependencies": {
                            "core-util-is": {
                              "version": "1.0.1"
                            },
                            "isarray": {
                              "version": "0.0.1"
                            },
                            "string_decoder": {
                              "version": "0.10.31"
                            }
                          }
                        }
                      }
                    },
                    "duplexer2": {
                      "version": "0.0.2",
                      "dependencies": {
                        "readable-stream": {
                          "version": "1.1.13",
                          "dependencies": {
                            "core-util-is": {
                              "version": "1.0.1"
                            },
                            "isarray": {
                              "version": "0.0.1"
                            },
                            "string_decoder": {
                              "version": "0.10.31"
                            },
                            "inherits": {
                              "version": "2.0.1"
                            }
                          }
                        }
                      }
                    },
                    "escodegen": {
                      "version": "1.3.3",
                      "dependencies": {
                        "esutils": {
                          "version": "1.0.0"
                        },
                        "estraverse": {
                          "version": "1.5.1"
                        },
                        "esprima": {
                          "version": "1.1.1"
                        },
                        "source-map": {
                          "version": "0.1.43",
                          "dependencies": {
                            "amdefine": {
                              "version": "1.0.0"
                            }
                          }
                        }
                      }
                    },
                    "falafel": {
                      "version": "1.2.0",
                      "dependencies": {
                        "acorn": {
                          "version": "1.2.2"
                        },
                        "foreach": {
                          "version": "2.0.5"
                        },
                        "isarray": {
                          "version": "0.0.1"
                        },
                        "object-keys": {
                          "version": "1.0.7"
                        }
                      }
                    },
                    "has": {
                      "version": "1.0.1",
                      "dependencies": {
                        "function-bind": {
                          "version": "1.0.2"
                        }
                      }
                    },
                    "object-inspect": {
                      "version": "0.4.0"
                    },
                    "readable-stream": {
                      "version": "1.0.33",
                      "dependencies": {
                        "core-util-is": {
                          "version": "1.0.1"
                        },
                        "isarray": {
                          "version": "0.0.1"
                        },
                        "string_decoder": {
                          "version": "0.10.31"
                        },
                        "inherits": {
                          "version": "2.0.1"
                        }
                      }
                    },
                    "shallow-copy": {
                      "version": "0.0.1"
                    },
                    "static-eval": {
                      "version": "0.2.4",
                      "dependencies": {
                        "escodegen": {
                          "version": "0.0.28",
                          "dependencies": {
                            "esprima": {
                              "version": "1.0.4"
                            },
                            "estraverse": {
                              "version": "1.3.2"
                            },
                            "source-map": {
                              "version": "0.4.4",
                              "dependencies": {
                                "amdefine": {
                                  "version": "1.0.0"
                                }
                              }
                            }
                          }
                        }
                      }
                    }
                  }
                },
                "through2": {
                  "version": "0.4.2",
                  "dependencies": {
                    "readable-stream": {
                      "version": "1.0.33",
                      "dependencies": {
                        "core-util-is": {
                          "version": "1.0.1"
                        },
                        "isarray": {
                          "version": "0.0.1"
                        },
                        "string_decoder": {
                          "version": "0.10.31"
                        },
                        "inherits": {
                          "version": "2.0.1"
                        }
                      }
                    },
                    "xtend": {
                      "version": "2.1.2",
                      "dependencies": {
                        "object-keys": {
                          "version": "0.4.0"
                        }
                      }
                    }
                  }
                }
              }
            }
          }
        }
      }
    },
    "form-data": {
      "version": "1.0.0-rc1",
      "dependencies": {
        "async": {
          "version": "1.4.0"
        },
        "combined-stream": {
          "version": "1.0.5",
          "dependencies": {
            "delayed-stream": {
              "version": "1.0.0"
            }
          }
        },
        "mime-types": {
          "version": "2.1.3",
          "dependencies": {
            "mime-db": {
              "version": "1.15.0"
            }
          }
        }
      }
    },
    "hdt": {
      "version": "1.2.1",
      "dependencies": {
        "minimist": {
          "version": "1.1.2"
        },
        "n3": {
          "version": "0.4.3"
        },
        "nan": {
          "version": "git+https://github.com/rvagg/nan.git#e52ccb1607549967fca0190f51c1789ae853c399"
        }
      }
    },
    "ngraph.events": {
      "version": "0.0.3"
    },
    "ngraph.graph": {
      "version": "0.0.11"
    },
    "ngraph.pixel": {
      "version": "0.1.13",
      "dependencies": {
        "element-class": {
          "version": "0.2.0"
        },
        "insert-css": {
          "version": "0.2.0"
        },
        "three": {
          "version": "0.70.1"
        },
        "three.fly": {
          "version": "0.1.2"
        }
      }
    },
    "pixel.layout": {
      "version": "0.1.1",
      "dependencies": {
        "ngraph.forcelayout3d": {
          "version": "0.0.12",
          "dependencies": {
            "ngraph.quadtreebh3d": {
              "version": "0.0.3"
            },
            "ngraph.random": {
              "version": "0.0.1"
            },
            "ngraph.merge": {
              "version": "0.0.1"
            },
            "ngraph.expose": {
              "version": "0.0.0"
            },
            "ngraph.physics.primitives": {
              "version": "0.0.7"
            },
            "ngraph.forcelayout": {
              "version": "0.0.20",
              "dependencies": {
                "ngraph.physics.simulator": {
                  "version": "0.0.10",
                  "dependencies": {
                    "ngraph.quadtreebh": {
                      "version": "0.0.3"
                    }
                  }
                }
              }
            }
          }
        }
      }
    },
    "requirejs": {
      "version": "2.1.18"
    },
    "sparql-client": {
      "version": "0.2.0",
      "dependencies": {
        "lodash": {
          "version": "2.4.2"
        },
        "request": {
          "version": "2.60.0",
          "dependencies": {
            "bl": {
              "version": "1.0.0",
              "dependencies": {
                "readable-stream": {
                  "version": "2.0.2",
                  "dependencies": {
                    "core-util-is": {
                      "version": "1.0.1"
                    },
                    "inherits": {
                      "version": "2.0.1"
                    },
                    "isarray": {
                      "version": "0.0.1"
                    },
                    "process-nextick-args": {
                      "version": "1.0.2"
                    },
                    "string_decoder": {
                      "version": "0.10.31"
                    },
                    "util-deprecate": {
                      "version": "1.0.1"
                    }
                  }
                }
              }
            },
            "caseless": {
              "version": "0.11.0"
            },
            "extend": {
              "version": "3.0.0"
            },
            "forever-agent": {
              "version": "0.6.1"
            },
            "json-stringify-safe": {
              "version": "5.0.1"
            },
            "mime-types": {
              "version": "2.1.3",
              "dependencies": {
                "mime-db": {
                  "version": "1.15.0"
                }
              }
            },
            "node-uuid": {
              "version": "1.4.3"
            },
            "qs": {
              "version": "4.0.0"
            },
            "tunnel-agent": {
              "version": "0.4.1"
            },
            "tough-cookie": {
              "version": "2.0.0"
            },
            "http-signature": {
              "version": "0.11.0",
              "dependencies": {
                "assert-plus": {
                  "version": "0.1.5"
                },
                "asn1": {
                  "version": "0.1.11"
                },
                "ctype": {
                  "version": "0.5.3"
                }
              }
            },
            "oauth-sign": {
              "version": "0.8.0"
            },
            "hawk": {
              "version": "3.1.0",
              "dependencies": {
                "hoek": {
                  "version": "2.14.0"
                },
                "boom": {
                  "version": "2.8.0"
                },
                "cryptiles": {
                  "version": "2.0.4"
                },
                "sntp": {
                  "version": "1.0.9"
                }
              }
            },
            "aws-sign2": {
              "version": "0.5.0"
            },
            "stringstream": {
              "version": "0.0.4"
            },
            "combined-stream": {
              "version": "1.0.5",
              "dependencies": {
                "delayed-stream": {
                  "version": "1.0.0"
                }
              }
            },
            "isstream": {
              "version": "0.1.2"
            },
            "har-validator": {
              "version": "1.8.0",
              "dependencies": {
                "bluebird": {
                  "version": "2.9.34"
                },
                "chalk": {
                  "version": "1.1.0",
                  "dependencies": {
                    "ansi-styles": {
                      "version": "2.1.0"
                    },
                    "escape-string-regexp": {
                      "version": "1.0.3"
                    },
                    "has-ansi": {
                      "version": "2.0.0",
                      "dependencies": {
                        "ansi-regex": {
                          "version": "2.0.0"
                        }
                      }
                    },
                    "strip-ansi": {
                      "version": "3.0.0",
                      "dependencies": {
                        "ansi-regex": {
                          "version": "2.0.0"
                        }
                      }
                    },
                    "supports-color": {
                      "version": "2.0.0"
                    }
                  }
                },
                "commander": {
                  "version": "2.8.1",
                  "dependencies": {
                    "graceful-readlink": {
                      "version": "1.0.1"
                    }
                  }
                },
                "is-my-json-valid": {
                  "version": "2.12.0",
                  "dependencies": {
                    "generate-function": {
                      "version": "2.0.0"
                    },
                    "generate-object-property": {
                      "version": "1.2.0",
                      "dependencies": {
                        "is-property": {
                          "version": "1.0.2"
                        }
                      }
                    },
                    "jsonpointer": {
                      "version": "1.1.0"
                    },
                    "xtend": {
                      "version": "4.0.0"
                    }
                  }
                }
              }
            }
          }
        }
      }
    },
    "vivagraphjs": {
      "version": "0.7.12",
      "dependencies": {
        "gintersect": {
          "version": "0.1.0"
        },
        "ngraph.centrality": {
          "version": "0.1.3"
        },
        "ngraph.forcelayout": {
          "version": "0.0.20",
          "dependencies": {
            "ngraph.physics.simulator": {
              "version": "0.0.10",
              "dependencies": {
                "ngraph.physics.primitives": {
                  "version": "0.0.7"
                },
                "ngraph.quadtreebh": {
                  "version": "0.0.3"
                },
                "ngraph.expose": {
                  "version": "0.0.0"
                }
              }
            }
          }
        },
        "ngraph.fromjson": {
          "version": "0.1.7"
        },
        "ngraph.generators": {
          "version": "0.0.15"
        },
        "ngraph.merge": {
          "version": "0.0.1"
        },
        "ngraph.random": {
          "version": "0.0.1"
        },
        "ngraph.tojson": {
          "version": "0.1.3"
        },
        "simplesvg": {
          "version": "0.0.10",
          "dependencies": {
            "add-event-listener": {
              "version": "0.0.1"
            }
          }
        }
      }
    }
  }
}
